schema: '2.0'
stages:
  prepare:
    cmd: python eq18_turkish_music_mlops/prepare.py
    deps:
    - path: data/raw/turkish_music_emotion_modified.csv
      hash: md5
      md5: ae5f16bc9e319aa4323f8d08e3306e70
      size: 133386
    - path: eq18_turkish_music_mlops/prepare.py
      hash: md5
      md5: e60897389109656d614080d9381cf4da
      size: 2092
    - path: params.yaml
      hash: md5
      md5: b99cffe2610abe66dc92fc30e483de84
      size: 467
    outs:
    - path: data/processed/test.csv
      hash: md5
      md5: f2819a404591e51d79f353c0ba528769
      size: 26648
    - path: data/processed/train.csv
      hash: md5
      md5: ad7fb3a80eec686dc1c8880e57176086
      size: 101853
  train:
    cmd: python eq18_turkish_music_mlops/train.py --model logistic
    deps:
    - path: data/processed/train.csv
      hash: md5
      md5: 97599ac5c3542db4288e4ee082dd7f84
      size: 316320
    - path: eq18_turkish_music_mlops/train.py
      hash: md5
      md5: 4f998c436f6f95dcb6ac535f7922a5fe
      size: 4284
    - path: models/preprocessor.pkl
      hash: md5
      md5: ebf8900a12d550423ac6ded2de3a051d
      size: 10243
    outs:
    - path: models/model_logistic.pkl
      hash: md5
      md5: e5045e21104e47619d64c92b8ccf808c
      size: 3863
    - path: reports/train_results_logistic.json
      hash: md5
      md5: b22c32c9cdd6e79bbef7d40a87d482f1
      size: 171
